Microsoft Visual Studio Solution File, Format Version 12.00
# Visual Studio Version 17
VisualStudioVersion = 17.5.2.0
MinimumVisualStudioVersion = 10.0.40219.1
Project("{FAE04EC0-301F-11D3-BF4B-00C04F79EFBC}") = "EC2-PROGRA1", "EC2-PROGRA1.csproj", "{546BA8A0-A6A5-C87A-4C54-A07DB82B579F}"
EndProject
Global
	GlobalSection(SolutionConfigurationPlatforms) = preSolution
		Debug|Any CPU = Debug|Any CPU
		Release|Any CPU = Release|Any CPU
	EndGlobalSection
	GlobalSection(ProjectConfigurationPlatforms) = postSolution
		{546BA8A0-A6A5-C87A-4C54-A07DB82B579F}.Debug|Any CPU.ActiveCfg = Debug|Any CPU
		{546BA8A0-A6A5-C87A-4C54-A07DB82B579F}.Debug|Any CPU.Build.0 = Debug|Any CPU
		{546BA8A0-A6A5-C87A-4C54-A07DB82B579F}.Release|Any CPU.ActiveCfg = Release|Any CPU
		{546BA8A0-A6A5-C87A-4C54-A07DB82B579F}.Release|Any CPU.Build.0 = Release|Any CPU
	EndGlobalSection
	GlobalSection(SolutionProperties) = preSolution
		HideSolutionNode = FALSE
	EndGlobalSection
	GlobalSection(ExtensibilityGlobals) = postSolution
		SolutionGuid = {0B527F0C-9D78-46BB-AF79-7E98DE1F02BA}
	EndGlobalSection
EndGlobal
